
Microsoft Visual Studio Solution File, Format Version 12.00
Project("{FAE04EC0-301F-11D3-BF4B-00C04F79EFBC}") = "bob-og-newbob", "bob-og-newbob\bob-og-newbob.csproj", "{D14FE8C9-18E4-4E4E-9B7C-DBCE36750720}"
EndProject
Global
	GlobalSection(SolutionConfigurationPlatforms) = preSolution
		Debug|Any CPU = Debug|Any CPU
		Release|Any CPU = Release|Any CPU
	EndGlobalSection
	GlobalSection(ProjectConfigurationPlatforms) = postSolution
		{D14FE8C9-18E4-4E4E-9B7C-DBCE36750720}.Debug|Any CPU.ActiveCfg = Debug|Any CPU
		{D14FE8C9-18E4-4E4E-9B7C-DBCE36750720}.Debug|Any CPU.Build.0 = Debug|Any CPU
		{D14FE8C9-18E4-4E4E-9B7C-DBCE36750720}.Release|Any CPU.ActiveCfg = Release|Any CPU
		{D14FE8C9-18E4-4E4E-9B7C-DBCE36750720}.Release|Any CPU.Build.0 = Release|Any CPU
	EndGlobalSection
EndGlobal
